// !$*UTF8*$!
{
	archiveVersion = 1;
	classes = {
	};
	objectVersion = 46;
	objects = {

/* Begin PBXBuildFile section */
		BE46C4BE1AD620A9001738C3 /* RKPropertyMapping.h in Headers */ = {isa = PBXBuildFile; fileRef = BE46C4BD1AD620A9001738C3 /* RKPropertyMapping.h */; settings = {ATTRIBUTES = (Public, ); }; };
		BE46C4C01AD620D3001738C3 /* RKRelationshipMapping.h in Headers */ = {isa = PBXBuildFile; fileRef = BE46C4BF1AD620D3001738C3 /* RKRelationshipMapping.h */; settings = {ATTRIBUTES = (Public, ); }; };
		BE46C4C21AD620FF001738C3 /* RKMappingResult.h in Headers */ = {isa = PBXBuildFile; fileRef = BE46C4C11AD620FF001738C3 /* RKMappingResult.h */; settings = {ATTRIBUTES = (Public, ); }; };
		BE46C4C41AD62114001738C3 /* RKMacros.h in Headers */ = {isa = PBXBuildFile; fileRef = BE46C4C31AD62114001738C3 /* RKMacros.h */; settings = {ATTRIBUTES = (Public, ); }; };
		BE46C4C61AD6212C001738C3 /* RKMapping.h in Headers */ = {isa = PBXBuildFile; fileRef = BE46C4C51AD6212C001738C3 /* RKMapping.h */; settings = {ATTRIBUTES = (Public, ); }; };
		BE46C4C81AD6213D001738C3 /* RKObjectMapping.h in Headers */ = {isa = PBXBuildFile; fileRef = BE46C4C71AD6213D001738C3 /* RKObjectMapping.h */; settings = {ATTRIBUTES = (Public, ); }; };
		BE5E20251A9A884A003074D9 /* libRestKit.a in Frameworks */ = {isa = PBXBuildFile; fileRef = BE5E201C1A9A8645003074D9 /* libRestKit.a */; };
		BE70BECC1AA3A9CA00513EE4 /* BaseClasses-Prefix.pch in Headers */ = {isa = PBXBuildFile; fileRef = BE70BECB1AA3A9CA00513EE4 /* BaseClasses-Prefix.pch */; settings = {ATTRIBUTES = (Public, ); }; };
		BE70BECD1AA3A9CA00513EE4 /* BaseClasses-Prefix.pch in Headers */ = {isa = PBXBuildFile; fileRef = BE70BECB1AA3A9CA00513EE4 /* BaseClasses-Prefix.pch */; settings = {ATTRIBUTES = (Public, ); }; };
		BE9087D01B6B2B3F00679229 /* AuthenticationService.swift in Sources */ = {isa = PBXBuildFile; fileRef = BE9087CF1B6B2B3F00679229 /* AuthenticationService.swift */; };
		BE9087D51B6B447A00679229 /* ServiceClient.swift in Sources */ = {isa = PBXBuildFile; fileRef = BE9087D41B6B447A00679229 /* ServiceClient.swift */; };
		BEA720F91B5C3393004F97C4 /* ApplicationConfigManager.swift in Sources */ = {isa = PBXBuildFile; fileRef = BEA720F81B5C3393004F97C4 /* ApplicationConfigManager.swift */; };
		BEAD9CCB1B6C5C1600ECB512 /* RKObjectManager.h in Headers */ = {isa = PBXBuildFile; fileRef = BEAD9CCA1B6C5C1600ECB512 /* RKObjectManager.h */; };
		BEAD9CE31B6C72B200ECB512 /* Service.swift in Sources */ = {isa = PBXBuildFile; fileRef = BEAD9CE21B6C72B200ECB512 /* Service.swift */; };
		BEB596721AA2D3B00037CB29 /* BaseClassesSDK-Prefix.pch in Headers */ = {isa = PBXBuildFile; fileRef = BEB596711AA2D3B00037CB29 /* BaseClassesSDK-Prefix.pch */; };
		BEB596741AA2D3B00037CB29 /* BaseClassesSDK-Info.plist in Resources */ = {isa = PBXBuildFile; fileRef = BEB596731AA2D3B00037CB29 /* BaseClassesSDK-Info.plist */; };
		BEB5967D1AA2D3D20037CB29 /* libRestKit.a in Frameworks */ = {isa = PBXBuildFile; fileRef = BE5E201C1A9A8645003074D9 /* libRestKit.a */; };
		BEB5967E1AA2D3DD0037CB29 /* BaseClasses.h in Headers */ = {isa = PBXBuildFile; fileRef = BEBA0CB21A983663006E4FEA /* BaseClasses.h */; settings = {ATTRIBUTES = (Public, ); }; };
		BEB5967F1AA2D3E10037CB29 /* CFNetwork.framework in Frameworks */ = {isa = PBXBuildFile; fileRef = BEBA11831A983E55006E4FEA /* CFNetwork.framework */; };
		BEB596801AA2D3E40037CB29 /* CoreData.framework in Frameworks */ = {isa = PBXBuildFile; fileRef = BEBA11851A983E5F006E4FEA /* CoreData.framework */; };
		BEB596811AA2D3E70037CB29 /* Foundation.framework in Frameworks */ = {isa = PBXBuildFile; fileRef = BEBA118F1A983EEC006E4FEA /* Foundation.framework */; };
		BEB596821AA2D3E90037CB29 /* libxml2.dylib in Frameworks */ = {isa = PBXBuildFile; fileRef = BEBA118D1A983E88006E4FEA /* libxml2.dylib */; };
		BEB596831AA2D3EC0037CB29 /* MobileCoreServices.framework in Frameworks */ = {isa = PBXBuildFile; fileRef = BEBA11871A983E69006E4FEA /* MobileCoreServices.framework */; };
		BEB596841AA2D3EE0037CB29 /* QuartzCore.framework in Frameworks */ = {isa = PBXBuildFile; fileRef = BEBA118B1A983E79006E4FEA /* QuartzCore.framework */; };
		BEB596851AA2D3F10037CB29 /* Security.framework in Frameworks */ = {isa = PBXBuildFile; fileRef = BEBA11891A983E71006E4FEA /* Security.framework */; };
		BEB596861AA2D3F50037CB29 /* SystemConfiguration.framework in Frameworks */ = {isa = PBXBuildFile; fileRef = BEBA11931A983F3C006E4FEA /* SystemConfiguration.framework */; };
		BEB596871AA2D3F90037CB29 /* UIKit.framework in Frameworks */ = {isa = PBXBuildFile; fileRef = BEBA11911A983F14006E4FEA /* UIKit.framework */; };
		BEB5968A1AA2D4060037CB29 /* BaseService.h in Headers */ = {isa = PBXBuildFile; fileRef = BEBA11971A98416F006E4FEA /* BaseService.h */; settings = {ATTRIBUTES = (Public, ); }; };
		BEB5968B1AA2D4090037CB29 /* BaseService.m in Sources */ = {isa = PBXBuildFile; fileRef = BEBA11981A98416F006E4FEA /* BaseService.m */; };
		BEB5968C1AA2D40D0037CB29 /* User.h in Headers */ = {isa = PBXBuildFile; fileRef = BEBA11A41A984201006E4FEA /* User.h */; settings = {ATTRIBUTES = (Public, ); }; };
		BEB5968D1AA2D4100037CB29 /* User.m in Sources */ = {isa = PBXBuildFile; fileRef = BEBA11A51A984201006E4FEA /* User.m */; };
		BEB596AC1AA2E9E60037CB29 /* Config.h in Headers */ = {isa = PBXBuildFile; fileRef = BEB596AA1AA2E9E60037CB29 /* Config.h */; settings = {ATTRIBUTES = (Public, ); }; };
		BEB596AD1AA2E9E60037CB29 /* Config.h in Headers */ = {isa = PBXBuildFile; fileRef = BEB596AA1AA2E9E60037CB29 /* Config.h */; };
		BEB596AE1AA2E9E60037CB29 /* Config.m in Sources */ = {isa = PBXBuildFile; fileRef = BEB596AB1AA2E9E60037CB29 /* Config.m */; };
		BEB596AF1AA2E9E60037CB29 /* Config.m in Sources */ = {isa = PBXBuildFile; fileRef = BEB596AB1AA2E9E60037CB29 /* Config.m */; };
		BEB596B21AA2EA0E0037CB29 /* BaseModel.h in Headers */ = {isa = PBXBuildFile; fileRef = BEB596B01AA2EA0E0037CB29 /* BaseModel.h */; settings = {ATTRIBUTES = (Public, ); }; };
		BEB596B31AA2EA0E0037CB29 /* BaseModel.h in Headers */ = {isa = PBXBuildFile; fileRef = BEB596B01AA2EA0E0037CB29 /* BaseModel.h */; };
		BEB596B41AA2EA0E0037CB29 /* BaseModel.m in Sources */ = {isa = PBXBuildFile; fileRef = BEB596B11AA2EA0E0037CB29 /* BaseModel.m */; };
		BEB596B51AA2EA0E0037CB29 /* BaseModel.m in Sources */ = {isa = PBXBuildFile; fileRef = BEB596B11AA2EA0E0037CB29 /* BaseModel.m */; };
		BEB596B71AA2EB630037CB29 /* ServiceErrors.h in Headers */ = {isa = PBXBuildFile; fileRef = BEB596B61AA2EB630037CB29 /* ServiceErrors.h */; settings = {ATTRIBUTES = (Public, ); }; };
		BEB596B81AA2EB630037CB29 /* ServiceErrors.h in Headers */ = {isa = PBXBuildFile; fileRef = BEB596B61AA2EB630037CB29 /* ServiceErrors.h */; };
		BEBA0CB31A983663006E4FEA /* BaseClasses.h in Headers */ = {isa = PBXBuildFile; fileRef = BEBA0CB21A983663006E4FEA /* BaseClasses.h */; settings = {ATTRIBUTES = (Public, ); }; };
		BEBA0CB91A983663006E4FEA /* BaseClasses.framework in Frameworks */ = {isa = PBXBuildFile; fileRef = BEBA0CAD1A983663006E4FEA /* BaseClasses.framework */; };
		BEBA11841A983E55006E4FEA /* CFNetwork.framework in Frameworks */ = {isa = PBXBuildFile; fileRef = BEBA11831A983E55006E4FEA /* CFNetwork.framework */; };
		BEBA11861A983E5F006E4FEA /* CoreData.framework in Frameworks */ = {isa = PBXBuildFile; fileRef = BEBA11851A983E5F006E4FEA /* CoreData.framework */; };
		BEBA11881A983E69006E4FEA /* MobileCoreServices.framework in Frameworks */ = {isa = PBXBuildFile; fileRef = BEBA11871A983E69006E4FEA /* MobileCoreServices.framework */; };
		BEBA118A1A983E71006E4FEA /* Security.framework in Frameworks */ = {isa = PBXBuildFile; fileRef = BEBA11891A983E71006E4FEA /* Security.framework */; };
		BEBA118C1A983E79006E4FEA /* QuartzCore.framework in Frameworks */ = {isa = PBXBuildFile; fileRef = BEBA118B1A983E79006E4FEA /* QuartzCore.framework */; };
		BEBA118E1A983E88006E4FEA /* libxml2.dylib in Frameworks */ = {isa = PBXBuildFile; fileRef = BEBA118D1A983E88006E4FEA /* libxml2.dylib */; };
		BEBA11901A983EEC006E4FEA /* Foundation.framework in Frameworks */ = {isa = PBXBuildFile; fileRef = BEBA118F1A983EEC006E4FEA /* Foundation.framework */; };
		BEBA11921A983F14006E4FEA /* UIKit.framework in Frameworks */ = {isa = PBXBuildFile; fileRef = BEBA11911A983F14006E4FEA /* UIKit.framework */; };
		BEBA11941A983F3C006E4FEA /* SystemConfiguration.framework in Frameworks */ = {isa = PBXBuildFile; fileRef = BEBA11931A983F3C006E4FEA /* SystemConfiguration.framework */; };
		BEBA119E1A98416F006E4FEA /* BaseService.h in Headers */ = {isa = PBXBuildFile; fileRef = BEBA11971A98416F006E4FEA /* BaseService.h */; settings = {ATTRIBUTES = (Public, ); }; };
		BEBA119F1A98416F006E4FEA /* BaseService.m in Sources */ = {isa = PBXBuildFile; fileRef = BEBA11981A98416F006E4FEA /* BaseService.m */; };
		BEBA11A61A984201006E4FEA /* User.h in Headers */ = {isa = PBXBuildFile; fileRef = BEBA11A41A984201006E4FEA /* User.h */; settings = {ATTRIBUTES = (Public, ); }; };
		BEBA11A71A984201006E4FEA /* User.m in Sources */ = {isa = PBXBuildFile; fileRef = BEBA11A51A984201006E4FEA /* User.m */; };
		BED24C5C1AA3DF7600926838 /* RestKitMapping.h in Headers */ = {isa = PBXBuildFile; fileRef = BED24C5B1AA3DF7600926838 /* RestKitMapping.h */; settings = {ATTRIBUTES = (Public, ); }; };
		BED24C5D1AA3DF7600926838 /* RestKitMapping.h in Headers */ = {isa = PBXBuildFile; fileRef = BED24C5B1AA3DF7600926838 /* RestKitMapping.h */; settings = {ATTRIBUTES = (Public, ); }; };
		BED338DE1AD237BD008781F2 /* BaseTableViewController.h in Headers */ = {isa = PBXBuildFile; fileRef = BED338DC1AD237BD008781F2 /* BaseTableViewController.h */; settings = {ATTRIBUTES = (Public, ); }; };
		BED338DF1AD237BD008781F2 /* BaseTableViewController.m in Sources */ = {isa = PBXBuildFile; fileRef = BED338DD1AD237BD008781F2 /* BaseTableViewController.m */; };
		BEEE84011B6E44C60071BF9D /* ConfigService.swift in Sources */ = {isa = PBXBuildFile; fileRef = BEEE84001B6E44C60071BF9D /* ConfigService.swift */; };
		BEEE84031B6E68800071BF9D /* ServiceErrors.swift in Sources */ = {isa = PBXBuildFile; fileRef = BEEE84021B6E68800071BF9D /* ServiceErrors.swift */; };
		BEEE84141B6E81AC0071BF9D /* BaseService.swift in Sources */ = {isa = PBXBuildFile; fileRef = BEEE84131B6E81AC0071BF9D /* BaseService.swift */; };
		BEEE84191B6E82C50071BF9D /* BaseTableViewController.swift in Sources */ = {isa = PBXBuildFile; fileRef = BEEE84181B6E82C50071BF9D /* BaseTableViewController.swift */; };
		BEEE841B1B6E8CC50071BF9D /* BaseModel.swift in Sources */ = {isa = PBXBuildFile; fileRef = BEEE841A1B6E8CC50071BF9D /* BaseModel.swift */; };
		BEEE841D1B6E8D9D0071BF9D /* Config.swift in Sources */ = {isa = PBXBuildFile; fileRef = BEEE841C1B6E8D9D0071BF9D /* Config.swift */; };
/* End PBXBuildFile section */

/* Begin PBXContainerItemProxy section */
		BE5E201B1A9A8645003074D9 /* PBXContainerItemProxy */ = {
			isa = PBXContainerItemProxy;
			containerPortal = BE5E20141A9A8645003074D9 /* RestKit.xcodeproj */;
			proxyType = 2;
			remoteGlobalIDString = 25160D1614564E810060A5C5;
			remoteInfo = RestKit;
		};
		BE5E201D1A9A8645003074D9 /* PBXContainerItemProxy */ = {
			isa = PBXContainerItemProxy;
			containerPortal = BE5E20141A9A8645003074D9 /* RestKit.xcodeproj */;
			proxyType = 2;
			remoteGlobalIDString = 25160D2614564E820060A5C5;
			remoteInfo = RestKitTests;
		};
		BE5E201F1A9A8645003074D9 /* PBXContainerItemProxy */ = {
			isa = PBXContainerItemProxy;
			containerPortal = BE5E20141A9A8645003074D9 /* RestKit.xcodeproj */;
			proxyType = 2;
			remoteGlobalIDString = 25160E62145651060060A5C5;
			remoteInfo = RestKitFramework;
		};
		BE5E20211A9A8645003074D9 /* PBXContainerItemProxy */ = {
			isa = PBXContainerItemProxy;
			containerPortal = BE5E20141A9A8645003074D9 /* RestKit.xcodeproj */;
			proxyType = 2;
			remoteGlobalIDString = 25160E78145651060060A5C5;
			remoteInfo = RestKitFrameworkTests;
		};
		BE5E20231A9A883E003074D9 /* PBXContainerItemProxy */ = {
			isa = PBXContainerItemProxy;
			containerPortal = BE5E20141A9A8645003074D9 /* RestKit.xcodeproj */;
			proxyType = 1;
			remoteGlobalIDString = 25160D1514564E810060A5C5;
			remoteInfo = RestKit;
		};
		BEB5967B1AA2D3C20037CB29 /* PBXContainerItemProxy */ = {
			isa = PBXContainerItemProxy;
			containerPortal = BE5E20141A9A8645003074D9 /* RestKit.xcodeproj */;
			proxyType = 1;
			remoteGlobalIDString = 25160D1514564E810060A5C5;
			remoteInfo = RestKit;
		};
		BEBA0CBA1A983663006E4FEA /* PBXContainerItemProxy */ = {
			isa = PBXContainerItemProxy;
			containerPortal = BEBA0CA41A983663006E4FEA /* Project object */;
			proxyType = 1;
			remoteGlobalIDString = BEBA0CAC1A983663006E4FEA;
			remoteInfo = BaseClasses;
		};
/* End PBXContainerItemProxy section */

/* Begin PBXCopyFilesBuildPhase section */
		BEC1BF641A9942B000E6131C /* CopyFiles */ = {
			isa = PBXCopyFilesBuildPhase;
			buildActionMask = 2147483647;
			dstPath = Libraries;
			dstSubfolderSpec = 7;
			files = (
			);
			runOnlyForDeploymentPostprocessing = 0;
		};
/* End PBXCopyFilesBuildPhase section */

/* Begin PBXFileReference section */
		BE46C4BD1AD620A9001738C3 /* RKPropertyMapping.h */ = {isa = PBXFileReference; fileEncoding = 4; lastKnownFileType = sourcecode.c.h; name = RKPropertyMapping.h; path = BaseClasses/Frameworks/RestKit/Code/ObjectMapping/RKPropertyMapping.h; sourceTree = SOURCE_ROOT; };
		BE46C4BF1AD620D3001738C3 /* RKRelationshipMapping.h */ = {isa = PBXFileReference; fileEncoding = 4; lastKnownFileType = sourcecode.c.h; name = RKRelationshipMapping.h; path = BaseClasses/Frameworks/RestKit/Code/ObjectMapping/RKRelationshipMapping.h; sourceTree = SOURCE_ROOT; };
		BE46C4C11AD620FF001738C3 /* RKMappingResult.h */ = {isa = PBXFileReference; fileEncoding = 4; lastKnownFileType = sourcecode.c.h; name = RKMappingResult.h; path = BaseClasses/Frameworks/RestKit/Code/ObjectMapping/RKMappingResult.h; sourceTree = SOURCE_ROOT; };
		BE46C4C31AD62114001738C3 /* RKMacros.h */ = {isa = PBXFileReference; fileEncoding = 4; lastKnownFileType = sourcecode.c.h; name = RKMacros.h; path = BaseClasses/Frameworks/RestKit/Code/Support/RKMacros.h; sourceTree = SOURCE_ROOT; };
		BE46C4C51AD6212C001738C3 /* RKMapping.h */ = {isa = PBXFileReference; fileEncoding = 4; lastKnownFileType = sourcecode.c.h; name = RKMapping.h; path = BaseClasses/Frameworks/RestKit/Code/ObjectMapping/RKMapping.h; sourceTree = SOURCE_ROOT; };
		BE46C4C71AD6213D001738C3 /* RKObjectMapping.h */ = {isa = PBXFileReference; fileEncoding = 4; lastKnownFileType = sourcecode.c.h; name = RKObjectMapping.h; path = BaseClasses/Frameworks/RestKit/Code/ObjectMapping/RKObjectMapping.h; sourceTree = SOURCE_ROOT; };
		BE5E20141A9A8645003074D9 /* RestKit.xcodeproj */ = {isa = PBXFileReference; lastKnownFileType = "wrapper.pb-project"; name = RestKit.xcodeproj; path = RestKit/RestKit.xcodeproj; sourceTree = "<group>"; };
		BE70BECB1AA3A9CA00513EE4 /* BaseClasses-Prefix.pch */ = {isa = PBXFileReference; fileEncoding = 4; lastKnownFileType = sourcecode.c.h; path = "BaseClasses-Prefix.pch"; sourceTree = "<group>"; };
		BE9087CF1B6B2B3F00679229 /* AuthenticationService.swift */ = {isa = PBXFileReference; fileEncoding = 4; lastKnownFileType = sourcecode.swift; path = AuthenticationService.swift; sourceTree = "<group>"; };
		BE9087D41B6B447A00679229 /* ServiceClient.swift */ = {isa = PBXFileReference; fileEncoding = 4; lastKnownFileType = sourcecode.swift; path = ServiceClient.swift; sourceTree = "<group>"; };
		BEA720F81B5C3393004F97C4 /* ApplicationConfigManager.swift */ = {isa = PBXFileReference; fileEncoding = 4; lastKnownFileType = sourcecode.swift; path = ApplicationConfigManager.swift; sourceTree = "<group>"; };
		BEAD9CCA1B6C5C1600ECB512 /* RKObjectManager.h */ = {isa = PBXFileReference; fileEncoding = 4; lastKnownFileType = sourcecode.c.h; name = RKObjectManager.h; path = ../Frameworks/RestKit/Code/Network/RKObjectManager.h; sourceTree = "<group>"; };
		BEAD9CE21B6C72B200ECB512 /* Service.swift */ = {isa = PBXFileReference; fileEncoding = 4; lastKnownFileType = sourcecode.swift; path = Service.swift; sourceTree = "<group>"; };
		BEB5966D1AA2D3B00037CB29 /* BaseClassesSDK.framework */ = {isa = PBXFileReference; explicitFileType = wrapper.cfbundle; includeInIndex = 0; path = BaseClassesSDK.framework; sourceTree = BUILT_PRODUCTS_DIR; };
		BEB596701AA2D3B00037CB29 /* Info.plist */ = {isa = PBXFileReference; lastKnownFileType = text.plist.xml; path = Info.plist; sourceTree = "<group>"; };
		BEB596711AA2D3B00037CB29 /* BaseClassesSDK-Prefix.pch */ = {isa = PBXFileReference; lastKnownFileType = sourcecode.c.h; path = "BaseClassesSDK-Prefix.pch"; sourceTree = "<group>"; };
		BEB596731AA2D3B00037CB29 /* BaseClassesSDK-Info.plist */ = {isa = PBXFileReference; lastKnownFileType = text.plist.xml; path = "BaseClassesSDK-Info.plist"; sourceTree = "<group>"; };
		BEB596AA1AA2E9E60037CB29 /* Config.h */ = {isa = PBXFileReference; fileEncoding = 4; lastKnownFileType = sourcecode.c.h; path = Config.h; sourceTree = "<group>"; };
		BEB596AB1AA2E9E60037CB29 /* Config.m */ = {isa = PBXFileReference; fileEncoding = 4; lastKnownFileType = sourcecode.c.objc; path = Config.m; sourceTree = "<group>"; };
		BEB596B01AA2EA0E0037CB29 /* BaseModel.h */ = {isa = PBXFileReference; fileEncoding = 4; lastKnownFileType = sourcecode.c.h; path = BaseModel.h; sourceTree = "<group>"; };
		BEB596B11AA2EA0E0037CB29 /* BaseModel.m */ = {isa = PBXFileReference; fileEncoding = 4; lastKnownFileType = sourcecode.c.objc; path = BaseModel.m; sourceTree = "<group>"; };
		BEB596B61AA2EB630037CB29 /* ServiceErrors.h */ = {isa = PBXFileReference; fileEncoding = 4; lastKnownFileType = sourcecode.c.h; path = ServiceErrors.h; sourceTree = "<group>"; };
		BEBA0CAD1A983663006E4FEA /* BaseClasses.framework */ = {isa = PBXFileReference; explicitFileType = wrapper.framework; includeInIndex = 0; path = BaseClasses.framework; sourceTree = BUILT_PRODUCTS_DIR; };
		BEBA0CB11A983663006E4FEA /* Info.plist */ = {isa = PBXFileReference; lastKnownFileType = text.plist.xml; path = Info.plist; sourceTree = "<group>"; };
		BEBA0CB21A983663006E4FEA /* BaseClasses.h */ = {isa = PBXFileReference; lastKnownFileType = sourcecode.c.h; path = BaseClasses.h; sourceTree = "<group>"; };
		BEBA0CB81A983663006E4FEA /* BaseClassesTests.xctest */ = {isa = PBXFileReference; explicitFileType = wrapper.cfbundle; includeInIndex = 0; path = BaseClassesTests.xctest; sourceTree = BUILT_PRODUCTS_DIR; };
		BEBA0CBE1A983663006E4FEA /* Info.plist */ = {isa = PBXFileReference; lastKnownFileType = text.plist.xml; path = Info.plist; sourceTree = "<group>"; };
		BEBA11831A983E55006E4FEA /* CFNetwork.framework */ = {isa = PBXFileReference; lastKnownFileType = wrapper.framework; name = CFNetwork.framework; path = System/Library/Frameworks/CFNetwork.framework; sourceTree = SDKROOT; };
		BEBA11851A983E5F006E4FEA /* CoreData.framework */ = {isa = PBXFileReference; lastKnownFileType = wrapper.framework; name = CoreData.framework; path = System/Library/Frameworks/CoreData.framework; sourceTree = SDKROOT; };
		BEBA11871A983E69006E4FEA /* MobileCoreServices.framework */ = {isa = PBXFileReference; lastKnownFileType = wrapper.framework; name = MobileCoreServices.framework; path = System/Library/Frameworks/MobileCoreServices.framework; sourceTree = SDKROOT; };
		BEBA11891A983E71006E4FEA /* Security.framework */ = {isa = PBXFileReference; lastKnownFileType = wrapper.framework; name = Security.framework; path = System/Library/Frameworks/Security.framework; sourceTree = SDKROOT; };
		BEBA118B1A983E79006E4FEA /* QuartzCore.framework */ = {isa = PBXFileReference; lastKnownFileType = wrapper.framework; name = QuartzCore.framework; path = System/Library/Frameworks/QuartzCore.framework; sourceTree = SDKROOT; };
		BEBA118D1A983E88006E4FEA /* libxml2.dylib */ = {isa = PBXFileReference; lastKnownFileType = "compiled.mach-o.dylib"; name = libxml2.dylib; path = usr/lib/libxml2.dylib; sourceTree = SDKROOT; };
		BEBA118F1A983EEC006E4FEA /* Foundation.framework */ = {isa = PBXFileReference; lastKnownFileType = wrapper.framework; name = Foundation.framework; path = System/Library/Frameworks/Foundation.framework; sourceTree = SDKROOT; };
		BEBA11911A983F14006E4FEA /* UIKit.framework */ = {isa = PBXFileReference; lastKnownFileType = wrapper.framework; name = UIKit.framework; path = System/Library/Frameworks/UIKit.framework; sourceTree = SDKROOT; };
		BEBA11931A983F3C006E4FEA /* SystemConfiguration.framework */ = {isa = PBXFileReference; lastKnownFileType = wrapper.framework; name = SystemConfiguration.framework; path = System/Library/Frameworks/SystemConfiguration.framework; sourceTree = SDKROOT; };
		BEBA11971A98416F006E4FEA /* BaseService.h */ = {isa = PBXFileReference; fileEncoding = 4; lastKnownFileType = sourcecode.c.h; path = BaseService.h; sourceTree = "<group>"; };
		BEBA11981A98416F006E4FEA /* BaseService.m */ = {isa = PBXFileReference; fileEncoding = 4; lastKnownFileType = sourcecode.c.objc; path = BaseService.m; sourceTree = "<group>"; };
		BEBA11A41A984201006E4FEA /* User.h */ = {isa = PBXFileReference; fileEncoding = 4; lastKnownFileType = sourcecode.c.h; path = User.h; sourceTree = "<group>"; };
		BEBA11A51A984201006E4FEA /* User.m */ = {isa = PBXFileReference; fileEncoding = 4; lastKnownFileType = sourcecode.c.objc; path = User.m; sourceTree = "<group>"; };
		BED24C5B1AA3DF7600926838 /* RestKitMapping.h */ = {isa = PBXFileReference; fileEncoding = 4; lastKnownFileType = sourcecode.c.h; path = RestKitMapping.h; sourceTree = "<group>"; };
		BED338DC1AD237BD008781F2 /* BaseTableViewController.h */ = {isa = PBXFileReference; fileEncoding = 4; lastKnownFileType = sourcecode.c.h; path = BaseTableViewController.h; sourceTree = "<group>"; };
		BED338DD1AD237BD008781F2 /* BaseTableViewController.m */ = {isa = PBXFileReference; fileEncoding = 4; lastKnownFileType = sourcecode.c.objc; path = BaseTableViewController.m; sourceTree = "<group>"; };
		BEEE84001B6E44C60071BF9D /* ConfigService.swift */ = {isa = PBXFileReference; fileEncoding = 4; lastKnownFileType = sourcecode.swift; path = ConfigService.swift; sourceTree = "<group>"; };
		BEEE84021B6E68800071BF9D /* ServiceErrors.swift */ = {isa = PBXFileReference; fileEncoding = 4; lastKnownFileType = sourcecode.swift; path = ServiceErrors.swift; sourceTree = "<group>"; };
		BEEE84131B6E81AC0071BF9D /* BaseService.swift */ = {isa = PBXFileReference; fileEncoding = 4; lastKnownFileType = sourcecode.swift; path = BaseService.swift; sourceTree = "<group>"; };
		BEEE84181B6E82C50071BF9D /* BaseTableViewController.swift */ = {isa = PBXFileReference; fileEncoding = 4; lastKnownFileType = sourcecode.swift; path = BaseTableViewController.swift; sourceTree = "<group>"; };
		BEEE841A1B6E8CC50071BF9D /* BaseModel.swift */ = {isa = PBXFileReference; fileEncoding = 4; lastKnownFileType = sourcecode.swift; path = BaseModel.swift; sourceTree = "<group>"; };
		BEEE841C1B6E8D9D0071BF9D /* Config.swift */ = {isa = PBXFileReference; fileEncoding = 4; lastKnownFileType = sourcecode.swift; path = Config.swift; sourceTree = "<group>"; };
/* End PBXFileReference section */

/* Begin PBXFrameworksBuildPhase section */
		BEB596671AA2D3B00037CB29 /* Frameworks */ = {
			isa = PBXFrameworksBuildPhase;
			buildActionMask = 2147483647;
			files = (
				BEB5967F1AA2D3E10037CB29 /* CFNetwork.framework in Frameworks */,
				BEB596861AA2D3F50037CB29 /* SystemConfiguration.framework in Frameworks */,
				BEB596801AA2D3E40037CB29 /* CoreData.framework in Frameworks */,
				BEB596841AA2D3EE0037CB29 /* QuartzCore.framework in Frameworks */,
				BEB5967D1AA2D3D20037CB29 /* libRestKit.a in Frameworks */,
				BEB596831AA2D3EC0037CB29 /* MobileCoreServices.framework in Frameworks */,
				BEB596811AA2D3E70037CB29 /* Foundation.framework in Frameworks */,
				BEB596851AA2D3F10037CB29 /* Security.framework in Frameworks */,
				BEB596821AA2D3E90037CB29 /* libxml2.dylib in Frameworks */,
				BEB596871AA2D3F90037CB29 /* UIKit.framework in Frameworks */,
			);
			runOnlyForDeploymentPostprocessing = 0;
		};
		BEBA0CA91A983663006E4FEA /* Frameworks */ = {
			isa = PBXFrameworksBuildPhase;
			buildActionMask = 2147483647;
			files = (
				BE5E20251A9A884A003074D9 /* libRestKit.a in Frameworks */,
				BEBA11941A983F3C006E4FEA /* SystemConfiguration.framework in Frameworks */,
				BEBA11921A983F14006E4FEA /* UIKit.framework in Frameworks */,
				BEBA11901A983EEC006E4FEA /* Foundation.framework in Frameworks */,
				BEBA118E1A983E88006E4FEA /* libxml2.dylib in Frameworks */,
				BEBA118C1A983E79006E4FEA /* QuartzCore.framework in Frameworks */,
				BEBA118A1A983E71006E4FEA /* Security.framework in Frameworks */,
				BEBA11881A983E69006E4FEA /* MobileCoreServices.framework in Frameworks */,
				BEBA11861A983E5F006E4FEA /* CoreData.framework in Frameworks */,
				BEBA11841A983E55006E4FEA /* CFNetwork.framework in Frameworks */,
			);
			runOnlyForDeploymentPostprocessing = 0;
		};
		BEBA0CB51A983663006E4FEA /* Frameworks */ = {
			isa = PBXFrameworksBuildPhase;
			buildActionMask = 2147483647;
			files = (
				BEBA0CB91A983663006E4FEA /* BaseClasses.framework in Frameworks */,
			);
			runOnlyForDeploymentPostprocessing = 0;
		};
/* End PBXFrameworksBuildPhase section */

/* Begin PBXGroup section */
		BE46C4B91AD6206F001738C3 /* RestKit References */ = {
			isa = PBXGroup;
			children = (
				BE46C4C31AD62114001738C3 /* RKMacros.h */,
				BE46C4C51AD6212C001738C3 /* RKMapping.h */,
				BE46C4C11AD620FF001738C3 /* RKMappingResult.h */,
				BE46C4C71AD6213D001738C3 /* RKObjectMapping.h */,
				BEAD9CCA1B6C5C1600ECB512 /* RKObjectManager.h */,
				BE46C4BD1AD620A9001738C3 /* RKPropertyMapping.h */,
				BE46C4BF1AD620D3001738C3 /* RKRelationshipMapping.h */,
			);
			path = "RestKit References";
			sourceTree = "<group>";
		};
		BE5E20151A9A8645003074D9 /* Products */ = {
			isa = PBXGroup;
			children = (
				BE5E201C1A9A8645003074D9 /* libRestKit.a */,
				BE5E201E1A9A8645003074D9 /* RestKitTests.octest */,
				BE5E20201A9A8645003074D9 /* RestKit.framework */,
				BE5E20221A9A8645003074D9 /* RestKitFrameworkTests.octest */,
			);
			name = Products;
			sourceTree = "<group>";
		};
		BEB5966E1AA2D3B00037CB29 /* BaseClassesSDK */ = {
			isa = PBXGroup;
			children = (
				BEB596711AA2D3B00037CB29 /* BaseClassesSDK-Prefix.pch */,
				BEB596731AA2D3B00037CB29 /* BaseClassesSDK-Info.plist */,
				BEB5966F1AA2D3B00037CB29 /* Supporting Files */,
			);
			path = BaseClassesSDK;
			sourceTree = "<group>";
		};
		BEB5966F1AA2D3B00037CB29 /* Supporting Files */ = {
			isa = PBXGroup;
			children = (
				BEB596701AA2D3B00037CB29 /* Info.plist */,
			);
			name = "Supporting Files";
			sourceTree = "<group>";
		};
		BEBA0CA31A983663006E4FEA = {
			isa = PBXGroup;
			children = (
				BEBA0CAF1A983663006E4FEA /* BaseClasses */,
				BEBA0CBC1A983663006E4FEA /* BaseClassesTests */,
				BEB5966E1AA2D3B00037CB29 /* BaseClassesSDK */,
				BEBA0CAE1A983663006E4FEA /* Products */,
			);
			sourceTree = "<group>";
		};
		BEBA0CAE1A983663006E4FEA /* Products */ = {
			isa = PBXGroup;
			children = (
				BEBA0CAD1A983663006E4FEA /* BaseClasses.framework */,
				BEBA0CB81A983663006E4FEA /* BaseClassesTests.xctest */,
				BEB5966D1AA2D3B00037CB29 /* BaseClassesSDK.framework */,
			);
			name = Products;
			sourceTree = "<group>";
		};
		BEBA0CAF1A983663006E4FEA /* BaseClasses */ = {
			isa = PBXGroup;
			children = (
				BEBA0CB21A983663006E4FEA /* BaseClasses.h */,
				BEBA11701A983CB1006E4FEA /* Frameworks */,
				BE46C4B91AD6206F001738C3 /* RestKit References */,
				BED24C5B1AA3DF7600926838 /* RestKitMapping.h */,
				BEBA0CC91A983C34006E4FEA /* Services */,
				BEBA0CB01A983663006E4FEA /* Supporting Files */,
			);
			path = BaseClasses;
			sourceTree = "<group>";
		};
		BEBA0CB01A983663006E4FEA /* Supporting Files */ = {
			isa = PBXGroup;
			children = (
				BEBA0CB11A983663006E4FEA /* Info.plist */,
				BE70BECB1AA3A9CA00513EE4 /* BaseClasses-Prefix.pch */,
			);
			name = "Supporting Files";
			sourceTree = "<group>";
		};
		BEBA0CBC1A983663006E4FEA /* BaseClassesTests */ = {
			isa = PBXGroup;
			children = (
				BEBA0CBD1A983663006E4FEA /* Supporting Files */,
			);
			path = BaseClassesTests;
			sourceTree = "<group>";
		};
		BEBA0CBD1A983663006E4FEA /* Supporting Files */ = {
			isa = PBXGroup;
			children = (
				BEBA0CBE1A983663006E4FEA /* Info.plist */,
			);
			name = "Supporting Files";
			sourceTree = "<group>";
		};
		BEBA0CC91A983C34006E4FEA /* Services */ = {
			isa = PBXGroup;
			children = (
				BEA720F81B5C3393004F97C4 /* ApplicationConfigManager.swift */,
				BE9087CF1B6B2B3F00679229 /* AuthenticationService.swift */,
				BEBA11971A98416F006E4FEA /* BaseService.h */,
				BEBA11981A98416F006E4FEA /* BaseService.m */,
				BEEE84131B6E81AC0071BF9D /* BaseService.swift */,
				BEEE84001B6E44C60071BF9D /* ConfigService.swift */,
				BED338DB1AD236D4008781F2 /* Controllers */,
				BEBA11A31A984201006E4FEA /* Models */,
				BEAD9CE21B6C72B200ECB512 /* Service.swift */,
				BE9087D41B6B447A00679229 /* ServiceClient.swift */,
				BEB596B61AA2EB630037CB29 /* ServiceErrors.h */,
				BEEE84021B6E68800071BF9D /* ServiceErrors.swift */,
			);
			path = Services;
			sourceTree = "<group>";
		};
		BEBA11701A983CB1006E4FEA /* Frameworks */ = {
			isa = PBXGroup;
			children = (
				BEBA11831A983E55006E4FEA /* CFNetwork.framework */,
				BEBA11851A983E5F006E4FEA /* CoreData.framework */,
				BEBA118F1A983EEC006E4FEA /* Foundation.framework */,
				BEBA118D1A983E88006E4FEA /* libxml2.dylib */,
				BEBA11871A983E69006E4FEA /* MobileCoreServices.framework */,
				BEBA118B1A983E79006E4FEA /* QuartzCore.framework */,
				BE5E20141A9A8645003074D9 /* RestKit.xcodeproj */,
				BEBA11891A983E71006E4FEA /* Security.framework */,
				BEBA11931A983F3C006E4FEA /* SystemConfiguration.framework */,
				BEBA11911A983F14006E4FEA /* UIKit.framework */,
			);
			path = Frameworks;
			sourceTree = "<group>";
		};
		BEBA11A31A984201006E4FEA /* Models */ = {
			isa = PBXGroup;
			children = (
				BEB596B01AA2EA0E0037CB29 /* BaseModel.h */,
				BEB596B11AA2EA0E0037CB29 /* BaseModel.m */,
				BEEE841A1B6E8CC50071BF9D /* BaseModel.swift */,
				BEB596AA1AA2E9E60037CB29 /* Config.h */,
				BEB596AB1AA2E9E60037CB29 /* Config.m */,
				BEEE841C1B6E8D9D0071BF9D /* Config.swift */,
				BEBA11A41A984201006E4FEA /* User.h */,
				BEBA11A51A984201006E4FEA /* User.m */,
			);
			path = Models;
			sourceTree = "<group>";
		};
		BED338DB1AD236D4008781F2 /* Controllers */ = {
			isa = PBXGroup;
			children = (
				BED338DC1AD237BD008781F2 /* BaseTableViewController.h */,
				BED338DD1AD237BD008781F2 /* BaseTableViewController.m */,
				BEEE84181B6E82C50071BF9D /* BaseTableViewController.swift */,
			);
			path = Controllers;
			sourceTree = "<group>";
		};
/* End PBXGroup section */

/* Begin PBXHeadersBuildPhase section */
		BEB596681AA2D3B00037CB29 /* Headers */ = {
			isa = PBXHeadersBuildPhase;
			buildActionMask = 2147483647;
			files = (
				BEB596AD1AA2E9E60037CB29 /* Config.h in Headers */,
				BEB5968C1AA2D40D0037CB29 /* User.h in Headers */,
				BE70BECD1AA3A9CA00513EE4 /* BaseClasses-Prefix.pch in Headers */,
				BEB5967E1AA2D3DD0037CB29 /* BaseClasses.h in Headers */,
				BEB596B81AA2EB630037CB29 /* ServiceErrors.h in Headers */,
				BED24C5D1AA3DF7600926838 /* RestKitMapping.h in Headers */,
				BEB5968A1AA2D4060037CB29 /* BaseService.h in Headers */,
				BEB596721AA2D3B00037CB29 /* BaseClassesSDK-Prefix.pch in Headers */,
				BEB596B31AA2EA0E0037CB29 /* BaseModel.h in Headers */,
			);
			runOnlyForDeploymentPostprocessing = 0;
		};
		BEBA0CAA1A983663006E4FEA /* Headers */ = {
			isa = PBXHeadersBuildPhase;
			buildActionMask = 2147483647;
			files = (
				BEB596AC1AA2E9E60037CB29 /* Config.h in Headers */,
				BED24C5C1AA3DF7600926838 /* RestKitMapping.h in Headers */,
				BEB596B71AA2EB630037CB29 /* ServiceErrors.h in Headers */,
				BEB596B21AA2EA0E0037CB29 /* BaseModel.h in Headers */,
				BEBA0CB31A983663006E4FEA /* BaseClasses.h in Headers */,
				BE46C4C61AD6212C001738C3 /* RKMapping.h in Headers */,
				BE46C4C41AD62114001738C3 /* RKMacros.h in Headers */,
				BE46C4BE1AD620A9001738C3 /* RKPropertyMapping.h in Headers */,
				BE46C4C01AD620D3001738C3 /* RKRelationshipMapping.h in Headers */,
				BED338DE1AD237BD008781F2 /* BaseTableViewController.h in Headers */,
				BE46C4C81AD6213D001738C3 /* RKObjectMapping.h in Headers */,
				BE46C4C21AD620FF001738C3 /* RKMappingResult.h in Headers */,
				BEBA11A61A984201006E4FEA /* User.h in Headers */,
				BEAD9CCB1B6C5C1600ECB512 /* RKObjectManager.h in Headers */,
				BE70BECC1AA3A9CA00513EE4 /* BaseClasses-Prefix.pch in Headers */,
				BEBA119E1A98416F006E4FEA /* BaseService.h in Headers */,
			);
			runOnlyForDeploymentPostprocessing = 0;
		};
/* End PBXHeadersBuildPhase section */

/* Begin PBXNativeTarget section */
		BEB5966C1AA2D3B00037CB29 /* BaseClassesSDK */ = {
			isa = PBXNativeTarget;
			buildConfigurationList = BEB5967A1AA2D3B00037CB29 /* Build configuration list for PBXNativeTarget "BaseClassesSDK" */;
			buildPhases = (
				BEB596651AA2D3B00037CB29 /* ShellScript */,
				BEB596661AA2D3B00037CB29 /* Sources */,
				BEB596671AA2D3B00037CB29 /* Frameworks */,
				BEB596681AA2D3B00037CB29 /* Headers */,
				BEB596691AA2D3B00037CB29 /* Resources */,
				BEB5966A1AA2D3B00037CB29 /* ShellScript */,
				BEB5966B1AA2D3B00037CB29 /* ShellScript */,
			);
			buildRules = (
			);
			dependencies = (
				BEB5967C1AA2D3C20037CB29 /* PBXTargetDependency */,
			);
			name = BaseClassesSDK;
			productName = BaseClassesSDK;
			productReference = BEB5966D1AA2D3B00037CB29 /* BaseClassesSDK.framework */;
			productType = "com.apple.product-type.bundle";
		};
		BEBA0CAC1A983663006E4FEA /* BaseClasses */ = {
			isa = PBXNativeTarget;
			buildConfigurationList = BEBA0CC31A983663006E4FEA /* Build configuration list for PBXNativeTarget "BaseClasses" */;
			buildPhases = (
				BEBA0CA81A983663006E4FEA /* Sources */,
				BEBA0CA91A983663006E4FEA /* Frameworks */,
				BEBA0CAA1A983663006E4FEA /* Headers */,
				BEBA0CAB1A983663006E4FEA /* Resources */,
				BEC1BF641A9942B000E6131C /* CopyFiles */,
				BEFD75991A9ABE9400C5831E /* Build Universal Framework */,
			);
			buildRules = (
			);
			dependencies = (
				BE5E20241A9A883E003074D9 /* PBXTargetDependency */,
			);
			name = BaseClasses;
			productName = BaseClasses;
			productReference = BEBA0CAD1A983663006E4FEA /* BaseClasses.framework */;
			productType = "com.apple.product-type.framework";
		};
		BEBA0CB71A983663006E4FEA /* BaseClassesTests */ = {
			isa = PBXNativeTarget;
			buildConfigurationList = BEBA0CC61A983663006E4FEA /* Build configuration list for PBXNativeTarget "BaseClassesTests" */;
			buildPhases = (
				BEBA0CB41A983663006E4FEA /* Sources */,
				BEBA0CB51A983663006E4FEA /* Frameworks */,
				BEBA0CB61A983663006E4FEA /* Resources */,
			);
			buildRules = (
			);
			dependencies = (
				BEBA0CBB1A983663006E4FEA /* PBXTargetDependency */,
			);
			name = BaseClassesTests;
			productName = BaseClassesTests;
			productReference = BEBA0CB81A983663006E4FEA /* BaseClassesTests.xctest */;
			productType = "com.apple.product-type.bundle.unit-test";
		};
/* End PBXNativeTarget section */

/* Begin PBXProject section */
		BEBA0CA41A983663006E4FEA /* Project object */ = {
			isa = PBXProject;
			attributes = {
				LastSwiftUpdateCheck = 0700;
				LastUpgradeCheck = 0620;
				ORGANIZATIONNAME = "William Hindenburg";
				TargetAttributes = {
					BEB5966C1AA2D3B00037CB29 = {
						CreatedOnToolsVersion = 6.1.1;
					};
					BEBA0CAC1A983663006E4FEA = {
						CreatedOnToolsVersion = 6.1.1;
						DevelopmentTeam = 5EW7K5N9Y3;
					};
					BEBA0CB71A983663006E4FEA = {
						CreatedOnToolsVersion = 6.1.1;
						DevelopmentTeam = 5EW7K5N9Y3;
					};
				};
			};
			buildConfigurationList = BEBA0CA71A983663006E4FEA /* Build configuration list for PBXProject "BaseClasses" */;
			compatibilityVersion = "Xcode 3.2";
			developmentRegion = English;
			hasScannedForEncodings = 0;
			knownRegions = (
				en,
			);
			mainGroup = BEBA0CA31A983663006E4FEA;
			productRefGroup = BEBA0CAE1A983663006E4FEA /* Products */;
			projectDirPath = "";
			projectReferences = (
				{
					ProductGroup = BE5E20151A9A8645003074D9 /* Products */;
					ProjectRef = BE5E20141A9A8645003074D9 /* RestKit.xcodeproj */;
				},
			);
			projectRoot = "";
			targets = (
				BEBA0CAC1A983663006E4FEA /* BaseClasses */,
				BEBA0CB71A983663006E4FEA /* BaseClassesTests */,
				BEB5966C1AA2D3B00037CB29 /* BaseClassesSDK */,
			);
		};
/* End PBXProject section */

/* Begin PBXReferenceProxy section */
		BE5E201C1A9A8645003074D9 /* libRestKit.a */ = {
			isa = PBXReferenceProxy;
			fileType = archive.ar;
			path = libRestKit.a;
			remoteRef = BE5E201B1A9A8645003074D9 /* PBXContainerItemProxy */;
			sourceTree = BUILT_PRODUCTS_DIR;
		};
		BE5E201E1A9A8645003074D9 /* RestKitTests.octest */ = {
			isa = PBXReferenceProxy;
			fileType = wrapper.cfbundle;
			path = RestKitTests.octest;
			remoteRef = BE5E201D1A9A8645003074D9 /* PBXContainerItemProxy */;
			sourceTree = BUILT_PRODUCTS_DIR;
		};
		BE5E20201A9A8645003074D9 /* RestKit.framework */ = {
			isa = PBXReferenceProxy;
			fileType = wrapper.framework;
			path = RestKit.framework;
			remoteRef = BE5E201F1A9A8645003074D9 /* PBXContainerItemProxy */;
			sourceTree = BUILT_PRODUCTS_DIR;
		};
		BE5E20221A9A8645003074D9 /* RestKitFrameworkTests.octest */ = {
			isa = PBXReferenceProxy;
			fileType = wrapper.cfbundle;
			path = RestKitFrameworkTests.octest;
			remoteRef = BE5E20211A9A8645003074D9 /* PBXContainerItemProxy */;
			sourceTree = BUILT_PRODUCTS_DIR;
		};
/* End PBXReferenceProxy section */

/* Begin PBXResourcesBuildPhase section */
		BEB596691AA2D3B00037CB29 /* Resources */ = {
			isa = PBXResourcesBuildPhase;
			buildActionMask = 2147483647;
			files = (
				BEB596741AA2D3B00037CB29 /* BaseClassesSDK-Info.plist in Resources */,
			);
			runOnlyForDeploymentPostprocessing = 0;
		};
		BEBA0CAB1A983663006E4FEA /* Resources */ = {
			isa = PBXResourcesBuildPhase;
			buildActionMask = 2147483647;
			files = (
			);
			runOnlyForDeploymentPostprocessing = 0;
		};
		BEBA0CB61A983663006E4FEA /* Resources */ = {
			isa = PBXResourcesBuildPhase;
			buildActionMask = 2147483647;
			files = (
			);
			runOnlyForDeploymentPostprocessing = 0;
		};
/* End PBXResourcesBuildPhase section */

/* Begin PBXShellScriptBuildPhase section */
		BEB596651AA2D3B00037CB29 /* ShellScript */ = {
			isa = PBXShellScriptBuildPhase;
			buildActionMask = 2147483647;
			files = (
			);
			inputPaths = (
			);
			outputPaths = (
			);
			runOnlyForDeploymentPostprocessing = 0;
			shellPath = /bin/sh;
			shellScript = "set -e\n\nset +u\nif [[ $UFW_MASTER_SCRIPT_RUNNING ]]\nthen\n    # Nothing for the slave script to do\n    exit 0\nfi\nset -u\n\nif [[ \"$SDK_NAME\" =~ ([A-Za-z]+) ]]\nthen\n    UFW_SDK_PLATFORM=${BASH_REMATCH[1]}\nelse\n    echo \"Could not find platform name from SDK_NAME: $SDK_NAME\"\n    exit 1\nfi\n\nif [[ \"$SDK_NAME\" =~ ([0-9]+.*$) ]]\nthen\n\tUFW_SDK_VERSION=${BASH_REMATCH[1]}\nelse\n    echo \"Could not find sdk version  from SDK_NAME: $SDK_NAME\"\n    exit 1\nfi\n\nif [[ \"$UFW_SDK_PLATFORM\" = \"iphoneos\" ]]\nthen\n    UFW_OTHER_PLATFORM=iphonesimulator\nelse\n    UFW_OTHER_PLATFORM=iphoneos\nfi\n\nif [[ \"$BUILT_PRODUCTS_DIR\" =~ (.*)$UFW_SDK_PLATFORM$ ]]\nthen\n    UFW_OTHER_BUILT_PRODUCTS_DIR=\"${BASH_REMATCH[1]}${UFW_OTHER_PLATFORM}\"\nelse\n    echo \"Could not find $UFW_SDK_PLATFORM in $BUILT_PRODUCTS_DIR\"\n    exit 1\nfi\n\n\n# Short-circuit if all binaries are up to date\n\nif [[ -f \"${BUILT_PRODUCTS_DIR}/${EXECUTABLE_PATH}\" ]] && \\\n   [[ -f \"${BUILT_PRODUCTS_DIR}/${PRODUCT_NAME}.embeddedframework/${EXECUTABLE_PATH}\" ]] && \\\n   [[ ! \"${BUILT_PRODUCTS_DIR}/${EXECUTABLE_PATH}\" -nt \"${BUILT_PRODUCTS_DIR}/${PRODUCT_NAME}.embeddedframework/${EXECUTABLE_PATH}\" ]]\n   [[ -f \"${UFW_OTHER_BUILT_PRODUCTS_DIR}/${EXECUTABLE_PATH}\" ]] && \\\n   [[ -f \"${UFW_OTHER_BUILT_PRODUCTS_DIR}/${PRODUCT_NAME}.embeddedframework/${EXECUTABLE_PATH}\" ]] && \\\n   [[ ! \"${UFW_OTHER_BUILT_PRODUCTS_DIR}/${EXECUTABLE_PATH}\" -nt \"${UFW_OTHER_BUILT_PRODUCTS_DIR}/${PRODUCT_NAME}.embeddedframework/${EXECUTABLE_PATH}\" ]]\nthen\n    exit 0\nfi\n\n\n# Clean other platform if needed\n\nif [[ ! -f \"${BUILT_PRODUCTS_DIR}/${EXECUTABLE_PATH}\" ]]\nthen\n\techo \"Platform \\\"$UFW_SDK_PLATFORM\\\" was cleaned recently. Cleaning \\\"$UFW_OTHER_PLATFORM\\\" as well\"\n\techo xcodebuild -project \"${PROJECT_FILE_PATH}\" -target \"${TARGET_NAME}\" -configuration \"${CONFIGURATION}\" -sdk ${UFW_OTHER_PLATFORM}${UFW_SDK_VERSION} BUILD_DIR=\"${BUILD_DIR}\" CONFIGURATION_TEMP_DIR=\"${PROJECT_TEMP_DIR}/${CONFIGURATION}-${UFW_OTHER_PLATFORM}\" clean\n\txcodebuild -project \"${PROJECT_FILE_PATH}\" -target \"${TARGET_NAME}\" -configuration \"${CONFIGURATION}\" -sdk ${UFW_OTHER_PLATFORM}${UFW_SDK_VERSION} BUILD_DIR=\"${BUILD_DIR}\" CONFIGURATION_TEMP_DIR=\"${PROJECT_TEMP_DIR}/${CONFIGURATION}-${UFW_OTHER_PLATFORM}\" clean\nfi\n\n\n# Make sure we are building from fresh binaries\n\nrm -rf \"${BUILT_PRODUCTS_DIR}/${EXECUTABLE_PATH}\"\nrm -rf \"${BUILT_PRODUCTS_DIR}/${PRODUCT_NAME}.embeddedframework\"\nrm -rf \"${UFW_OTHER_BUILT_PRODUCTS_DIR}/${EXECUTABLE_PATH}\"\nrm -rf \"${UFW_OTHER_BUILT_PRODUCTS_DIR}/${PRODUCT_NAME}.embeddedframework\"\n";
			showEnvVarsInLog = 0;
		};
		BEB5966A1AA2D3B00037CB29 /* ShellScript */ = {
			isa = PBXShellScriptBuildPhase;
			buildActionMask = 2147483647;
			files = (
			);
			inputPaths = (
			);
			outputPaths = (
			);
			runOnlyForDeploymentPostprocessing = 0;
			shellPath = /bin/sh;
			shellScript = "HEADERS_ROOT=$SRCROOT/$PRODUCT_NAME\nFRAMEWORK_HEADERS_DIR=\"$BUILT_PRODUCTS_DIR/$WRAPPER_NAME/Versions/$FRAMEWORK_VERSION/Headers\"\n\n## only header files expected at this point\nPUBLIC_HEADERS=$(find $FRAMEWORK_HEADERS_DIR/. -not -type d 2> /dev/null | sed -e \"s@.*/@@g\")\n\nFIND_OPTS=\"\"\nfor PUBLIC_HEADER in $PUBLIC_HEADERS; do\n  if [ -n \"$FIND_OPTS\" ]; then\n    FIND_OPTS=\"$FIND_OPTS -o\"\n  fi\n  FIND_OPTS=\"$FIND_OPTS -name '$PUBLIC_HEADER'\"\ndone\n\nif [ -n \"$FIND_OPTS\" ]; then\n  for ORIG_HEADER in $(eval \"find $HEADERS_ROOT/. $FIND_OPTS\" 2> /dev/null | sed -e \"s@^$HEADERS_ROOT/./@@g\"); do\n    PUBLIC_HEADER=$(basename $ORIG_HEADER)\n    RELATIVE_PATH=$(dirname $ORIG_HEADER)\n    if [ -e $FRAMEWORK_HEADERS_DIR/$PUBLIC_HEADER ]; then\n      mkdir -p \"$FRAMEWORK_HEADERS_DIR/$RELATIVE_PATH\"\n      mv \"$FRAMEWORK_HEADERS_DIR/$PUBLIC_HEADER\" \"$FRAMEWORK_HEADERS_DIR/$RELATIVE_PATH/$PUBLIC_HEADER\"\n    fi\n  done\nfi\n";
			showEnvVarsInLog = 0;
		};
		BEB5966B1AA2D3B00037CB29 /* ShellScript */ = {
			isa = PBXShellScriptBuildPhase;
			buildActionMask = 2147483647;
			files = (
			);
			inputPaths = (
			);
			outputPaths = (
			);
			runOnlyForDeploymentPostprocessing = 0;
			shellPath = /bin/sh;
			shellScript = "set -e\n\nset +u\nif [[ $UFW_MASTER_SCRIPT_RUNNING ]]\nthen\n    # Nothing for the slave script to do\n    exit 0\nfi\nset -u\nexport UFW_MASTER_SCRIPT_RUNNING=1\n\n\n# Functions\n\n## List files in the specified directory, storing to the specified array.\n#\n# @param $1 The path to list\n# @param $2 The name of the array to fill\n#\n##\nlist_files ()\n{\n    filelist=$(ls \"$1\")\n    while read line\n    do\n        eval \"$2[\\${#$2[*]}]=\\\"\\$line\\\"\"\n    done <<< \"$filelist\"\n}\n\n\n# Sanity check\n\nif [[ ! -f \"${BUILT_PRODUCTS_DIR}/${EXECUTABLE_PATH}\" ]]\nthen\n    echo \"Framework target \\\"${TARGET_NAME}\\\" had no source files to build from. Make sure your source files have the correct target membership\"\n    exit 1\nfi\n\n\n# Gather information\n\nif [[ \"$SDK_NAME\" =~ ([A-Za-z]+) ]]\nthen\n    UFW_SDK_PLATFORM=${BASH_REMATCH[1]}\nelse\n    echo \"Could not find platform name from SDK_NAME: $SDK_NAME\"\n    exit 1\nfi\n\nif [[ \"$SDK_NAME\" =~ ([0-9]+.*$) ]]\nthen\n    UFW_SDK_VERSION=${BASH_REMATCH[1]}\nelse\n    echo \"Could not find sdk version from SDK_NAME: $SDK_NAME\"\n    exit 1\nfi\n\nif [[ \"$UFW_SDK_PLATFORM\" = \"iphoneos\" ]]\nthen\n    UFW_OTHER_PLATFORM=iphonesimulator\nelse\n    UFW_OTHER_PLATFORM=iphoneos\nfi\n\nif [[ \"$BUILT_PRODUCTS_DIR\" =~ (.*)$UFW_SDK_PLATFORM$ ]]\nthen\n    UFW_OTHER_BUILT_PRODUCTS_DIR=\"${BASH_REMATCH[1]}${UFW_OTHER_PLATFORM}\"\nelse\n    echo \"Could not find $UFW_SDK_PLATFORM in $BUILT_PRODUCTS_DIR\"\n    exit 1\nfi\n\n\n# Short-circuit if all binaries are up to date.\n# We already checked the other platform in the prerun script.\n\nif [[ -f \"${BUILT_PRODUCTS_DIR}/${EXECUTABLE_PATH}\" ]] && [[ -f \"${BUILT_PRODUCTS_DIR}/${PRODUCT_NAME}.embeddedframework/${EXECUTABLE_PATH}\" ]] && [[ ! \"${BUILT_PRODUCTS_DIR}/${EXECUTABLE_PATH}\" -nt \"${BUILT_PRODUCTS_DIR}/${PRODUCT_NAME}.embeddedframework/${EXECUTABLE_PATH}\" ]]\nthen\n    exit 0\nfi\n\n\n# Make sure the other platform gets built\n\necho \"Build other platform\"\n\necho xcodebuild -project \"${PROJECT_FILE_PATH}\" -target \"${TARGET_NAME}\" -configuration \"${CONFIGURATION}\" -sdk ${UFW_OTHER_PLATFORM}${UFW_SDK_VERSION} BUILD_DIR=\"${BUILD_DIR}\" CONFIGURATION_TEMP_DIR=\"${PROJECT_TEMP_DIR}/${CONFIGURATION}-${UFW_OTHER_PLATFORM}\" $ACTION\nxcodebuild -project \"${PROJECT_FILE_PATH}\" -target \"${TARGET_NAME}\" -configuration \"${CONFIGURATION}\" -sdk ${UFW_OTHER_PLATFORM}${UFW_SDK_VERSION} BUILD_DIR=\"${BUILD_DIR}\" CONFIGURATION_TEMP_DIR=\"${PROJECT_TEMP_DIR}/${CONFIGURATION}-${UFW_OTHER_PLATFORM}\" $ACTION\n\n\n# Build the fat static library binary\n\necho \"Create universal static library\"\n\necho \"$PLATFORM_DEVELOPER_BIN_DIR/libtool\" -static \"${BUILT_PRODUCTS_DIR}/${EXECUTABLE_PATH}\" \"${UFW_OTHER_BUILT_PRODUCTS_DIR}/${EXECUTABLE_PATH}\" -o \"${BUILT_PRODUCTS_DIR}/${EXECUTABLE_PATH}.temp\"\n\"$PLATFORM_DEVELOPER_BIN_DIR/libtool\" -static \"${BUILT_PRODUCTS_DIR}/${EXECUTABLE_PATH}\" \"${UFW_OTHER_BUILT_PRODUCTS_DIR}/${EXECUTABLE_PATH}\" -o \"${BUILT_PRODUCTS_DIR}/${EXECUTABLE_PATH}.temp\"\n\necho mv \"${BUILT_PRODUCTS_DIR}/${EXECUTABLE_PATH}.temp\" \"${BUILT_PRODUCTS_DIR}/${EXECUTABLE_PATH}\"\nmv \"${BUILT_PRODUCTS_DIR}/${EXECUTABLE_PATH}.temp\" \"${BUILT_PRODUCTS_DIR}/${EXECUTABLE_PATH}\"\n\n\n# Build framework structure\n\necho \"Build symlinks\"\n\necho ln -sfh A \"${BUILT_PRODUCTS_DIR}/${WRAPPER_NAME}/Versions/Current\"\nln -sfh A \"${BUILT_PRODUCTS_DIR}/${WRAPPER_NAME}/Versions/Current\"\necho ln -sfh Versions/Current/Headers \"${BUILT_PRODUCTS_DIR}/${WRAPPER_NAME}/Headers\"\nln -sfh Versions/Current/Headers \"${BUILT_PRODUCTS_DIR}/${WRAPPER_NAME}/Headers\"\necho ln -sfh Versions/Current/Resources \"${BUILT_PRODUCTS_DIR}/${WRAPPER_NAME}/Resources\"\nln -sfh Versions/Current/Resources \"${BUILT_PRODUCTS_DIR}/${WRAPPER_NAME}/Resources\"\necho ln -sfh \"Versions/Current/${EXECUTABLE_NAME}\" \"${BUILT_PRODUCTS_DIR}/${WRAPPER_NAME}/${EXECUTABLE_NAME}\"\nln -sfh \"Versions/Current/${EXECUTABLE_NAME}\" \"${BUILT_PRODUCTS_DIR}/${WRAPPER_NAME}/${EXECUTABLE_NAME}\"\n\n\n# Link to binary for unit tests\n\nmkdir -p \"${BUILT_PRODUCTS_DIR}/.fake_fw_testing.framework\"\nln -sfh \"../${WRAPPER_NAME}/${EXECUTABLE_NAME}\" \"${BUILT_PRODUCTS_DIR}/.fake_fw_testing.framework/.fake_fw_testing\"\n\n\n# Build embedded framework structure\n\necho \"Build Embedded Framework\"\n\necho rm -rf \"${BUILT_PRODUCTS_DIR}/${PRODUCT_NAME}.embeddedframework\"\nrm -rf \"${BUILT_PRODUCTS_DIR}/${PRODUCT_NAME}.embeddedframework\"\necho mkdir -p \"${BUILT_PRODUCTS_DIR}/${PRODUCT_NAME}.embeddedframework/Resources\"\nmkdir -p \"${BUILT_PRODUCTS_DIR}/${PRODUCT_NAME}.embeddedframework/Resources\"\necho cp -a \"${BUILT_PRODUCTS_DIR}/${WRAPPER_NAME}\" \"${BUILT_PRODUCTS_DIR}/${PRODUCT_NAME}.embeddedframework/\"\ncp -a \"${BUILT_PRODUCTS_DIR}/${WRAPPER_NAME}\" \"${BUILT_PRODUCTS_DIR}/${PRODUCT_NAME}.embeddedframework/\"\n\ndeclare -a UFW_FILE_LIST\nlist_files \"${BUILT_PRODUCTS_DIR}/${UNLOCALIZED_RESOURCES_FOLDER_PATH}\" UFW_FILE_LIST\nfor filename in \"${UFW_FILE_LIST[@]}\"\ndo\n    if [[ \"${filename}\" != \"Info.plist\" ]] && [[ ! \"${filename}\" =~ .*\\.lproj$ ]]\n    then\n        echo ln -sfh \"../${WRAPPER_NAME}/Resources/${filename}\" \"${BUILT_PRODUCTS_DIR}/${PRODUCT_NAME}.embeddedframework/Resources/${filename}\"\n        ln -sfh \"../${WRAPPER_NAME}/Resources/${filename}\" \"${BUILT_PRODUCTS_DIR}/${PRODUCT_NAME}.embeddedframework/Resources/${filename}\"\n    fi\ndone\n\n\n# Replace other platform's framework with a copy of this one (so that both have the same universal binary)\n\necho \"Copy from $UFW_SDK_PLATFORM to $UFW_OTHER_PLATFORM\"\n\necho rm -rf \"${BUILD_DIR}/${CONFIGURATION}-${UFW_OTHER_PLATFORM}\"\nrm -rf \"${BUILD_DIR}/${CONFIGURATION}-${UFW_OTHER_PLATFORM}\"\necho cp -a \"${BUILD_DIR}/${CONFIGURATION}-${UFW_SDK_PLATFORM}\" \"${BUILD_DIR}/${CONFIGURATION}-${UFW_OTHER_PLATFORM}\"\ncp -a \"${BUILD_DIR}/${CONFIGURATION}-${UFW_SDK_PLATFORM}\" \"${BUILD_DIR}/${CONFIGURATION}-${UFW_OTHER_PLATFORM}\"\n";
			showEnvVarsInLog = 0;
		};
		BEFD75991A9ABE9400C5831E /* Build Universal Framework */ = {
			isa = PBXShellScriptBuildPhase;
			buildActionMask = 2147483647;
			files = (
			);
			inputPaths = (
			);
			name = "Build Universal Framework";
			outputPaths = (
			);
			runOnlyForDeploymentPostprocessing = 0;
			shellPath = /bin/sh;
			shellScript = "

";
		};
/* End PBXShellScriptBuildPhase section */

/* Begin PBXSourcesBuildPhase section */
		BEB596661AA2D3B00037CB29 /* Sources */ = {
			isa = PBXSourcesBuildPhase;
			buildActionMask = 2147483647;
			files = (
				BEB596AF1AA2E9E60037CB29 /* Config.m in Sources */,
				BEB5968B1AA2D4090037CB29 /* BaseService.m in Sources */,
				BEB596B51AA2EA0E0037CB29 /* BaseModel.m in Sources */,
				BEB5968D1AA2D4100037CB29 /* User.m in Sources */,
			);
			runOnlyForDeploymentPostprocessing = 0;
		};
		BEBA0CA81A983663006E4FEA /* Sources */ = {
			isa = PBXSourcesBuildPhase;
			buildActionMask = 2147483647;
			files = (
				BE9087D51B6B447A00679229 /* ServiceClient.swift in Sources */,
				BEB596AE1AA2E9E60037CB29 /* Config.m in Sources */,
				BEEE841D1B6E8D9D0071BF9D /* Config.swift in Sources */,
				BEEE841B1B6E8CC50071BF9D /* BaseModel.swift in Sources */,
				BEEE84191B6E82C50071BF9D /* BaseTableViewController.swift in Sources */,
				BEEE84011B6E44C60071BF9D /* ConfigService.swift in Sources */,
				BED338DF1AD237BD008781F2 /* BaseTableViewController.m in Sources */,
				BEA720F91B5C3393004F97C4 /* ApplicationConfigManager.swift in Sources */,
				BEBA11A71A984201006E4FEA /* User.m in Sources */,
				BEB596B41AA2EA0E0037CB29 /* BaseModel.m in Sources */,
				BEBA119F1A98416F006E4FEA /* BaseService.m in Sources */,
				BEEE84141B6E81AC0071BF9D /* BaseService.swift in Sources */,
				BEEE84031B6E68800071BF9D /* ServiceErrors.swift in Sources */,
				BEAD9CE31B6C72B200ECB512 /* Service.swift in Sources */,
				BE9087D01B6B2B3F00679229 /* AuthenticationService.swift in Sources */,
			);
			runOnlyForDeploymentPostprocessing = 0;
		};
		BEBA0CB41A983663006E4FEA /* Sources */ = {
			isa = PBXSourcesBuildPhase;
			buildActionMask = 2147483647;
			files = (
			);
			runOnlyForDeploymentPostprocessing = 0;
		};
/* End PBXSourcesBuildPhase section */

/* Begin PBXTargetDependency section */
		BE5E20241A9A883E003074D9 /* PBXTargetDependency */ = {
			isa = PBXTargetDependency;
			name = RestKit;
			targetProxy = BE5E20231A9A883E003074D9 /* PBXContainerItemProxy */;
		};
		BEB5967C1AA2D3C20037CB29 /* PBXTargetDependency */ = {
			isa = PBXTargetDependency;
			name = RestKit;
			targetProxy = BEB5967B1AA2D3C20037CB29 /* PBXContainerItemProxy */;
		};
		BEBA0CBB1A983663006E4FEA /* PBXTargetDependency */ = {
			isa = PBXTargetDependency;
			target = BEBA0CAC1A983663006E4FEA /* BaseClasses */;
			targetProxy = BEBA0CBA1A983663006E4FEA /* PBXContainerItemProxy */;
		};
/* End PBXTargetDependency section */

/* Begin XCBuildConfiguration section */
		BEB596751AA2D3B00037CB29 /* Debug */ = {
			isa = XCBuildConfiguration;
			buildSettings = {
				CONTENTS_FOLDER_PATH = "$(WRAPPER_NAME)/Versions/$(FRAMEWORK_VERSION)";
				DEAD_CODE_STRIPPING = NO;
				DYLIB_COMPATIBILITY_VERSION = 1;
				DYLIB_CURRENT_VERSION = 1;
				FRAMEWORK_VERSION = A;
				GCC_PREPROCESSOR_DEFINITIONS = (
					"DEBUG=1",
					"$(inherited)",
				);
				HEADER_SEARCH_PATHS = (
					"$(CONTENTS_FOLDER_PATH)/Headers",
					"$(inherited)",
					/Applications/Xcode.app/Contents/Developer/Toolchains/XcodeDefault.xctoolchain/usr/include,
					"\"$(BUILT_PRODUCTS_DIR)/../../Headers\"",
				);
				INFOPLIST_FILE = BaseClassesSDK/Info.plist;
				INFOPLIST_PATH = "$(UNLOCALIZED_RESOURCES_FOLDER_PATH)/Info.plist";
				INSTALL_PATH = "$(BUILT_PRODUCTS_DIR)";
				LINK_WITH_STANDARD_LIBRARIES = NO;
				MACH_O_TYPE = mh_object;
				ONLY_ACTIVE_ARCH = NO;
				PRODUCT_NAME = "$(TARGET_NAME)";
				SKIP_INSTALL = YES;
				UNLOCALIZED_RESOURCES_FOLDER_PATH = "$(CONTENTS_FOLDER_PATH)/Resources";
				VALID_ARCHS = "arm64 armv7 armv7s x86_64";
				WRAPPER_EXTENSION = framework;
			};
			name = Debug;
		};
		BEB596761AA2D3B00037CB29 /* Release */ = {
			isa = XCBuildConfiguration;
			buildSettings = {
				CONTENTS_FOLDER_PATH = "$(WRAPPER_NAME)/Versions/$(FRAMEWORK_VERSION)";
				DEAD_CODE_STRIPPING = NO;
				DYLIB_COMPATIBILITY_VERSION = 1;
				DYLIB_CURRENT_VERSION = 1;
				FRAMEWORK_VERSION = A;
				HEADER_SEARCH_PATHS = (
					"$(CONTENTS_FOLDER_PATH)/Headers",
					"$(inherited)",
					/Applications/Xcode.app/Contents/Developer/Toolchains/XcodeDefault.xctoolchain/usr/include,
					"\"$(BUILT_PRODUCTS_DIR)/../../Headers\"",
				);
				INFOPLIST_FILE = BaseClassesSDK/Info.plist;
				INFOPLIST_PATH = "$(UNLOCALIZED_RESOURCES_FOLDER_PATH)/Info.plist";
				INSTALL_PATH = "$(BUILT_PRODUCTS_DIR)";
				LINK_WITH_STANDARD_LIBRARIES = NO;
				MACH_O_TYPE = mh_object;
				ONLY_ACTIVE_ARCH = NO;
				PRODUCT_NAME = "$(TARGET_NAME)";
				SKIP_INSTALL = YES;
				UNLOCALIZED_RESOURCES_FOLDER_PATH = "$(CONTENTS_FOLDER_PATH)/Resources";
				VALID_ARCHS = "arm64 armv7 armv7s x86_64";
				WRAPPER_EXTENSION = framework;
			};
			name = Release;
		};
		BEBA0CC11A983663006E4FEA /* Debug */ = {
			isa = XCBuildConfiguration;
			buildSettings = {
				ALWAYS_SEARCH_USER_PATHS = NO;
				CLANG_CXX_LANGUAGE_STANDARD = "gnu++0x";
				CLANG_CXX_LIBRARY = "libc++";
				CLANG_ENABLE_MODULES = YES;
				CLANG_ENABLE_OBJC_ARC = YES;
				CLANG_WARN_BOOL_CONVERSION = YES;
				CLANG_WARN_CONSTANT_CONVERSION = YES;
				CLANG_WARN_DIRECT_OBJC_ISA_USAGE = YES_ERROR;
				CLANG_WARN_EMPTY_BODY = YES;
				CLANG_WARN_ENUM_CONVERSION = YES;
				CLANG_WARN_INT_CONVERSION = YES;
				CLANG_WARN_OBJC_ROOT_CLASS = YES_ERROR;
				CLANG_WARN_UNREACHABLE_CODE = YES;
				CLANG_WARN__DUPLICATE_METHOD_MATCH = YES;
				"CODE_SIGN_IDENTITY[sdk=iphoneos*]" = "iPhone Developer";
				COPY_PHASE_STRIP = NO;
				CURRENT_PROJECT_VERSION = 1;
				ENABLE_STRICT_OBJC_MSGSEND = YES;
				GCC_C_LANGUAGE_STANDARD = gnu99;
				GCC_DYNAMIC_NO_PIC = NO;
				GCC_OPTIMIZATION_LEVEL = 0;
				GCC_PREPROCESSOR_DEFINITIONS = (
					"DEBUG=1",
					"$(inherited)",
				);
				GCC_SYMBOLS_PRIVATE_EXTERN = NO;
				GCC_WARN_64_TO_32_BIT_CONVERSION = YES;
				GCC_WARN_ABOUT_RETURN_TYPE = YES_ERROR;
				GCC_WARN_UNDECLARED_SELECTOR = YES;
				GCC_WARN_UNINITIALIZED_AUTOS = YES_AGGRESSIVE;
				GCC_WARN_UNUSED_FUNCTION = YES;
				GCC_WARN_UNUSED_VARIABLE = YES;
				IPHONEOS_DEPLOYMENT_TARGET = 8.2;
				MTL_ENABLE_DEBUG_INFO = YES;
				ONLY_ACTIVE_ARCH = YES;
				SDKROOT = iphoneos;
				TARGETED_DEVICE_FAMILY = "1,2";
				VERSIONING_SYSTEM = "apple-generic";
				VERSION_INFO_PREFIX = "";
			};
			name = Debug;
		};
		BEBA0CC21A983663006E4FEA /* Release */ = {
			isa = XCBuildConfiguration;
			buildSettings = {
				ALWAYS_SEARCH_USER_PATHS = NO;
				CLANG_CXX_LANGUAGE_STANDARD = "gnu++0x";
				CLANG_CXX_LIBRARY = "libc++";
				CLANG_ENABLE_MODULES = YES;
				CLANG_ENABLE_OBJC_ARC = YES;
				CLANG_WARN_BOOL_CONVERSION = YES;
				CLANG_WARN_CONSTANT_CONVERSION = YES;
				CLANG_WARN_DIRECT_OBJC_ISA_USAGE = YES_ERROR;
				CLANG_WARN_EMPTY_BODY = YES;
				CLANG_WARN_ENUM_CONVERSION = YES;
				CLANG_WARN_INT_CONVERSION = YES;
				CLANG_WARN_OBJC_ROOT_CLASS = YES_ERROR;
				CLANG_WARN_UNREACHABLE_CODE = YES;
				CLANG_WARN__DUPLICATE_METHOD_MATCH = YES;
				"CODE_SIGN_IDENTITY[sdk=iphoneos*]" = "iPhone Developer";
				COPY_PHASE_STRIP = YES;
				CURRENT_PROJECT_VERSION = 1;
				ENABLE_NS_ASSERTIONS = NO;
				ENABLE_STRICT_OBJC_MSGSEND = YES;
				GCC_C_LANGUAGE_STANDARD = gnu99;
				GCC_WARN_64_TO_32_BIT_CONVERSION = YES;
				GCC_WARN_ABOUT_RETURN_TYPE = YES_ERROR;
				GCC_WARN_UNDECLARED_SELECTOR = YES;
				GCC_WARN_UNINITIALIZED_AUTOS = YES_AGGRESSIVE;
				GCC_WARN_UNUSED_FUNCTION = YES;
				GCC_WARN_UNUSED_VARIABLE = YES;
				IPHONEOS_DEPLOYMENT_TARGET = 8.2;
				MTL_ENABLE_DEBUG_INFO = NO;
				SDKROOT = iphoneos;
				TARGETED_DEVICE_FAMILY = "1,2";
				VALIDATE_PRODUCT = YES;
				VERSIONING_SYSTEM = "apple-generic";
				VERSION_INFO_PREFIX = "";
			};
			name = Release;
		};
		BEBA0CC41A983663006E4FEA /* Debug */ = {
			isa = XCBuildConfiguration;
			buildSettings = {
				CLANG_ALLOW_NON_MODULAR_INCLUDES_IN_FRAMEWORK_MODULES = YES;
				CLANG_ENABLE_MODULES = YES;
				CLANG_WARN_DOCUMENTATION_COMMENTS = YES;
				CODE_SIGN_IDENTITY = "iPhone Distribution: William Hindenburg (5EW7K5N9Y3)";
				DEFINES_MODULE = YES;
				DYLIB_COMPATIBILITY_VERSION = 1;
				DYLIB_CURRENT_VERSION = 1;
				DYLIB_INSTALL_NAME_BASE = "@rpath";
				EMBEDDED_CONTENT_CONTAINS_SWIFT = YES;
				GCC_PREFIX_HEADER = "$(SRCROOT)/BaseClasses/BaseClasses-Prefix.pch";
				HEADER_SEARCH_PATHS = (
					"$(inherited)",
					/Applications/Xcode.app/Contents/Developer/Toolchains/XcodeDefault.xctoolchain/usr/include,
					"\"$(BUILT_PRODUCTS_DIR)/../../Headers\"",
				);
				INFOPLIST_FILE = BaseClasses/Info.plist;
				INSTALL_PATH = "$(LOCAL_LIBRARY_DIR)/Frameworks";
				IPHONEOS_DEPLOYMENT_TARGET = 8.2;
				LD_RUNPATH_SEARCH_PATHS = "$(inherited) @executable_path/Frameworks @loader_path/Frameworks";
				ONLY_ACTIVE_ARCH = NO;
				OTHER_LDFLAGS = (
					"-ObjC",
					"-all_load",
				);
				PRODUCT_NAME = "$(TARGET_NAME)";
				PROVISIONING_PROFILE = "7e6cd3a4-e7c2-4b8c-b293-eb8305b2d1ec";
				SKIP_INSTALL = YES;
				SWIFT_OPTIMIZATION_LEVEL = "-Onone";
			};
			name = Debug;
		};
		BEBA0CC51A983663006E4FEA /* Release */ = {
			isa = XCBuildConfiguration;
			buildSettings = {
				CLANG_ALLOW_NON_MODULAR_INCLUDES_IN_FRAMEWORK_MODULES = YES;
				CLANG_ENABLE_MODULES = YES;
				CLANG_WARN_DOCUMENTATION_COMMENTS = YES;
				CODE_SIGN_IDENTITY = "iPhone Distribution: William Hindenburg (5EW7K5N9Y3)";
				DEFINES_MODULE = YES;
				DYLIB_COMPATIBILITY_VERSION = 1;
				DYLIB_CURRENT_VERSION = 1;
				DYLIB_INSTALL_NAME_BASE = "@rpath";
				EMBEDDED_CONTENT_CONTAINS_SWIFT = YES;
				GCC_PREFIX_HEADER = "$(SRCROOT)/BaseClasses/BaseClasses-Prefix.pch";
				HEADER_SEARCH_PATHS = (
					"$(inherited)",
					/Applications/Xcode.app/Contents/Developer/Toolchains/XcodeDefault.xctoolchain/usr/include,
					"\"$(BUILT_PRODUCTS_DIR)/../../Headers\"",
				);
				INFOPLIST_FILE = BaseClasses/Info.plist;
				INSTALL_PATH = "$(LOCAL_LIBRARY_DIR)/Frameworks";
				IPHONEOS_DEPLOYMENT_TARGET = 8.2;
				LD_RUNPATH_SEARCH_PATHS = "$(inherited) @executable_path/Frameworks @loader_path/Frameworks";
				OTHER_LDFLAGS = (
					"-ObjC",
					"-all_load",
				);
				PRODUCT_NAME = "$(TARGET_NAME)";
				PROVISIONING_PROFILE = "7e6cd3a4-e7c2-4b8c-b293-eb8305b2d1ec";
				SKIP_INSTALL = YES;
				SWIFT_OPTIMIZATION_LEVEL = "-Onone";
			};
			name = Release;
		};
		BEBA0CC71A983663006E4FEA /* Debug */ = {
			isa = XCBuildConfiguration;
			buildSettings = {
				CODE_SIGN_IDENTITY = "iPhone Developer";
				FRAMEWORK_SEARCH_PATHS = (
					"$(SDKROOT)/Developer/Library/Frameworks",
					"$(inherited)",
				);
				GCC_PREPROCESSOR_DEFINITIONS = (
					"DEBUG=1",
					"$(inherited)",
				);
				INFOPLIST_FILE = BaseClassesTests/Info.plist;
				LD_RUNPATH_SEARCH_PATHS = "$(inherited) @executable_path/Frameworks @loader_path/Frameworks";
				PRODUCT_NAME = "$(TARGET_NAME)";
				PROVISIONING_PROFILE = "";
			};
			name = Debug;
		};
		BEBA0CC81A983663006E4FEA /* Release */ = {
			isa = XCBuildConfiguration;
			buildSettings = {
				CODE_SIGN_IDENTITY = "iPhone Developer";
				FRAMEWORK_SEARCH_PATHS = (
					"$(SDKROOT)/Developer/Library/Frameworks",
					"$(inherited)",
				);
				INFOPLIST_FILE = BaseClassesTests/Info.plist;
				LD_RUNPATH_SEARCH_PATHS = "$(inherited) @executable_path/Frameworks @loader_path/Frameworks";
				PRODUCT_NAME = "$(TARGET_NAME)";
				PROVISIONING_PROFILE = "";
			};
			name = Release;
		};
/* End XCBuildConfiguration section */

/* Begin XCConfigurationList section */
		BEB5967A1AA2D3B00037CB29 /* Build configuration list for PBXNativeTarget "BaseClassesSDK" */ = {
			isa = XCConfigurationList;
			buildConfigurations = (
				BEB596751AA2D3B00037CB29 /* Debug */,
				BEB596761AA2D3B00037CB29 /* Release */,
			);
			defaultConfigurationIsVisible = 0;
			defaultConfigurationName = Release;
		};
		BEBA0CA71A983663006E4FEA /* Build configuration list for PBXProject "BaseClasses" */ = {
			isa = XCConfigurationList;
			buildConfigurations = (
				BEBA0CC11A983663006E4FEA /* Debug */,
				BEBA0CC21A983663006E4FEA /* Release */,
			);
			defaultConfigurationIsVisible = 0;
			defaultConfigurationName = Release;
		};
		BEBA0CC31A983663006E4FEA /* Build configuration list for PBXNativeTarget "BaseClasses" */ = {
			isa = XCConfigurationList;
			buildConfigurations = (
				BEBA0CC41A983663006E4FEA /* Debug */,
				BEBA0CC51A983663006E4FEA /* Release */,
			);
			defaultConfigurationIsVisible = 0;
			defaultConfigurationName = Release;
		};
		BEBA0CC61A983663006E4FEA /* Build configuration list for PBXNativeTarget "BaseClassesTests" */ = {
			isa = XCConfigurationList;
			buildConfigurations = (
				BEBA0CC71A983663006E4FEA /* Debug */,
				BEBA0CC81A983663006E4FEA /* Release */,
			);
			defaultConfigurationIsVisible = 0;
			defaultConfigurationName = Release;
		};
/* End XCConfigurationList section */
	};
	rootObject = BEBA0CA41A983663006E4FEA /* Project object */;
}
